
Microsoft Visual Studio Solution File, Format Version 12.00
# Visual Studio Version 17
VisualStudioVersion = 17.14.36414.22 d17.14
MinimumVisualStudioVersion = 10.0.40219.1
Project("{FAE04EC0-301F-11D3-BF4B-00C04F79EFBC}") = "Excersise 1", "Excersise 1.csproj", "{35CD44CE-269E-41E8-AE76-25935E0082A9}"
EndProject
Global
	GlobalSection(SolutionConfigurationPlatforms) = preSolution
		Debug|Any CPU = Debug|Any CPU
		Release|Any CPU = Release|Any CPU
	EndGlobalSection
	GlobalSection(ProjectConfigurationPlatforms) = postSolution
		{35CD44CE-269E-41E8-AE76-25935E0082A9}.Debug|Any CPU.ActiveCfg = Debug|Any CPU
		{35CD44CE-269E-41E8-AE76-25935E0082A9}.Debug|Any CPU.Build.0 = Debug|Any CPU
		{35CD44CE-269E-41E8-AE76-25935E0082A9}.Release|Any CPU.ActiveCfg = Release|Any CPU
		{35CD44CE-269E-41E8-AE76-25935E0082A9}.Release|Any CPU.Build.0 = Release|Any CPU
	EndGlobalSection
	GlobalSection(SolutionProperties) = preSolution
		HideSolutionNode = FALSE
	EndGlobalSection
	GlobalSection(ExtensibilityGlobals) = postSolution
		SolutionGuid = {21C6C134-8D8A-4BB2-A151-5263B15C0186}
	EndGlobalSection
EndGlobal
